
Microsoft Visual Studio Solution File, Format Version 12.00
# Visual Studio Version 16
VisualStudioVersion = 16.0.30711.63
MinimumVisualStudioVersion = 10.0.40219.1
Project("{FAE04EC0-301F-11D3-BF4B-00C04F79EFBC}") = "console_test_EF_deps.json", "console_test_EF_deps.json.csproj", "{DE00BAFA-C9FA-4215-8BEF-DCC825AF4CDC}"
EndProject
Global
	GlobalSection(SolutionConfigurationPlatforms) = preSolution
		Debug|Any CPU = Debug|Any CPU
		Release|Any CPU = Release|Any CPU
	EndGlobalSection
	GlobalSection(ProjectConfigurationPlatforms) = postSolution
		{DE00BAFA-C9FA-4215-8BEF-DCC825AF4CDC}.Debug|Any CPU.ActiveCfg = Debug|Any CPU
		{DE00BAFA-C9FA-4215-8BEF-DCC825AF4CDC}.Debug|Any CPU.Build.0 = Debug|Any CPU
		{DE00BAFA-C9FA-4215-8BEF-DCC825AF4CDC}.Release|Any CPU.ActiveCfg = Release|Any CPU
		{DE00BAFA-C9FA-4215-8BEF-DCC825AF4CDC}.Release|Any CPU.Build.0 = Release|Any CPU
	EndGlobalSection
	GlobalSection(SolutionProperties) = preSolution
		HideSolutionNode = FALSE
	EndGlobalSection
	GlobalSection(ExtensibilityGlobals) = postSolution
		SolutionGuid = {92C50D7F-16F4-4D1A-A784-9231B2C862DD}
	EndGlobalSection
EndGlobal
